
Microsoft Visual Studio Solution File, Format Version 12.00
# Visual Studio Version 17
VisualStudioVersion = 17.10.35027.167
MinimumVisualStudioVersion = 10.0.40219.1
Project("{8BC9CEB8-8B4A-11D0-8D11-00A0C91BC942}") = "ACApp", "ACApp\ACApp.vcxproj", "{E3F52B8F-9233-4D82-874B-71F87809AC7D}"
EndProject
Project("{8BC9CEB8-8B4A-11D0-8D11-00A0C91BC942}") = "ACLib", "ACLib\ACLib.vcxproj", "{99F0C94E-13D5-4A60-9179-581C2F48C3F0}"
EndProject
Global
	GlobalSection(SolutionConfigurationPlatforms) = preSolution
		Debug|x64 = Debug|x64
		Debug|x86 = Debug|x86
		Release|x64 = Release|x64
		Release|x86 = Release|x86
	EndGlobalSection
	GlobalSection(ProjectConfigurationPlatforms) = postSolution
		{E3F52B8F-9233-4D82-874B-71F87809AC7D}.Debug|x64.ActiveCfg = Debug|x64
		{E3F52B8F-9233-4D82-874B-71F87809AC7D}.Debug|x64.Build.0 = Debug|x64
		{E3F52B8F-9233-4D82-874B-71F87809AC7D}.Debug|x86.ActiveCfg = Debug|Win32
		{E3F52B8F-9233-4D82-874B-71F87809AC7D}.Debug|x86.Build.0 = Debug|Win32
		{E3F52B8F-9233-4D82-874B-71F87809AC7D}.Release|x64.ActiveCfg = Release|x64
		{E3F52B8F-9233-4D82-874B-71F87809AC7D}.Release|x64.Build.0 = Release|x64
		{E3F52B8F-9233-4D82-874B-71F87809AC7D}.Release|x86.ActiveCfg = Release|Win32
		{E3F52B8F-9233-4D82-874B-71F87809AC7D}.Release|x86.Build.0 = Release|Win32
		{99F0C94E-13D5-4A60-9179-581C2F48C3F0}.Debug|x64.ActiveCfg = Debug|x64
		{99F0C94E-13D5-4A60-9179-581C2F48C3F0}.Debug|x64.Build.0 = Debug|x64
		{99F0C94E-13D5-4A60-9179-581C2F48C3F0}.Debug|x86.ActiveCfg = Debug|Win32
		{99F0C94E-13D5-4A60-9179-581C2F48C3F0}.Debug|x86.Build.0 = Debug|Win32
		{99F0C94E-13D5-4A60-9179-581C2F48C3F0}.Release|x64.ActiveCfg = Release|x64
		{99F0C94E-13D5-4A60-9179-581C2F48C3F0}.Release|x64.Build.0 = Release|x64
		{99F0C94E-13D5-4A60-9179-581C2F48C3F0}.Release|x86.ActiveCfg = Release|Win32
		{99F0C94E-13D5-4A60-9179-581C2F48C3F0}.Release|x86.Build.0 = Release|Win32
	EndGlobalSection
	GlobalSection(SolutionProperties) = preSolution
		HideSolutionNode = FALSE
	EndGlobalSection
	GlobalSection(ExtensibilityGlobals) = postSolution
		SolutionGuid = {F173A6C3-C411-4724-A726-2978B54F41C1}
	EndGlobalSection
EndGlobal
